
Microsoft Visual Studio Solution File, Format Version 12.00
# Visual Studio Version 16
VisualStudioVersion = 16.0.31624.102
MinimumVisualStudioVersion = 10.0.40219.1
Project("{FAE04EC0-301F-11D3-BF4B-00C04F79EFBC}") = "everTrucking-Web", "everTrucking-Web\everTrucking-Web.csproj", "{9271F4B6-9A3C-40CE-809D-0F4546789B0E}"
EndProject
Global
	GlobalSection(SolutionConfigurationPlatforms) = preSolution
		Debug|Any CPU = Debug|Any CPU
		Release|Any CPU = Release|Any CPU
	EndGlobalSection
	GlobalSection(ProjectConfigurationPlatforms) = postSolution
		{9271F4B6-9A3C-40CE-809D-0F4546789B0E}.Debug|Any CPU.ActiveCfg = Debug|Any CPU
		{9271F4B6-9A3C-40CE-809D-0F4546789B0E}.Debug|Any CPU.Build.0 = Debug|Any CPU
		{9271F4B6-9A3C-40CE-809D-0F4546789B0E}.Release|Any CPU.ActiveCfg = Release|Any CPU
		{9271F4B6-9A3C-40CE-809D-0F4546789B0E}.Release|Any CPU.Build.0 = Release|Any CPU
	EndGlobalSection
	GlobalSection(SolutionProperties) = preSolution
		HideSolutionNode = FALSE
	EndGlobalSection
	GlobalSection(ExtensibilityGlobals) = postSolution
		SolutionGuid = {F1EAF7DF-378B-4924-9805-530EF2C71243}
	EndGlobalSection
EndGlobal
